
Microsoft Visual Studio Solution File, Format Version 12.00
# Visual Studio 15
VisualStudioVersion = 15.0.28307.136
MinimumVisualStudioVersion = 10.0.40219.1
Project("{888888A0-9F3D-457C-B088-3A5042F75D52}") = "wbshorchut", "wbshorchut\wbshorchut.pyproj", "{1BC45801-6F64-40B4-9007-DE8A65E746D2}"
EndProject
Global
	GlobalSection(SolutionConfigurationPlatforms) = preSolution
		Debug|Any CPU = Debug|Any CPU
		Release|Any CPU = Release|Any CPU
	EndGlobalSection
	GlobalSection(ProjectConfigurationPlatforms) = postSolution
		{1BC45801-6F64-40B4-9007-DE8A65E746D2}.Debug|Any CPU.ActiveCfg = Debug|Any CPU
		{1BC45801-6F64-40B4-9007-DE8A65E746D2}.Release|Any CPU.ActiveCfg = Release|Any CPU
	EndGlobalSection
	GlobalSection(SolutionProperties) = preSolution
		HideSolutionNode = FALSE
	EndGlobalSection
	GlobalSection(ExtensibilityGlobals) = postSolution
		SolutionGuid = {DED1C2C9-1E59-4DC5-8BD2-83F0D0907745}
	EndGlobalSection
EndGlobal
